
Microsoft Visual Studio Solution File, Format Version 12.00
# Visual Studio 2012
Project("{FAE04EC0-301F-11D3-BF4B-00C04F79EFBC}") = "ForeverDeploy", "ForeverDeploy\ForeverDeploy.csproj", "{BED19BF4-5C4B-4C6B-A8D9-758C13E86BE7}"
EndProject
Project("{FAE04EC0-301F-11D3-BF4B-00C04F79EFBC}") = "ForeverDeploy.Tests", "ForeverDeploy.Tests\ForeverDeploy.Tests.csproj", "{AF6A8482-B42C-4BB2-82C1-AA3673B474F3}"
EndProject
Global
	GlobalSection(SolutionConfigurationPlatforms) = preSolution
		Debug|Any CPU = Debug|Any CPU
		Release|Any CPU = Release|Any CPU
	EndGlobalSection
	GlobalSection(ProjectConfigurationPlatforms) = postSolution
		{BED19BF4-5C4B-4C6B-A8D9-758C13E86BE7}.Debug|Any CPU.ActiveCfg = Debug|Any CPU
		{BED19BF4-5C4B-4C6B-A8D9-758C13E86BE7}.Debug|Any CPU.Build.0 = Debug|Any CPU
		{BED19BF4-5C4B-4C6B-A8D9-758C13E86BE7}.Release|Any CPU.ActiveCfg = Release|Any CPU
		{BED19BF4-5C4B-4C6B-A8D9-758C13E86BE7}.Release|Any CPU.Build.0 = Release|Any CPU
		{AF6A8482-B42C-4BB2-82C1-AA3673B474F3}.Debug|Any CPU.ActiveCfg = Debug|Any CPU
		{AF6A8482-B42C-4BB2-82C1-AA3673B474F3}.Debug|Any CPU.Build.0 = Debug|Any CPU
		{AF6A8482-B42C-4BB2-82C1-AA3673B474F3}.Release|Any CPU.ActiveCfg = Release|Any CPU
		{AF6A8482-B42C-4BB2-82C1-AA3673B474F3}.Release|Any CPU.Build.0 = Release|Any CPU
	EndGlobalSection
	GlobalSection(SolutionProperties) = preSolution
		HideSolutionNode = FALSE
	EndGlobalSection
EndGlobal
